
Microsoft Visual Studio Solution File, Format Version 12.00
# Visual Studio Version 17
VisualStudioVersion = 17.2.32602.215
MinimumVisualStudioVersion = 10.0.40219.1
Project("{FAE04EC0-301F-11D3-BF4B-00C04F79EFBC}") = "theMagicCannon", "theMagicCannon\theMagicCannon.csproj", "{C301491C-022A-487C-B6EB-E989571870CC}"
EndProject
Global
	GlobalSection(SolutionConfigurationPlatforms) = preSolution
		Debug|Any CPU = Debug|Any CPU
		Release|Any CPU = Release|Any CPU
	EndGlobalSection
	GlobalSection(ProjectConfigurationPlatforms) = postSolution
		{C301491C-022A-487C-B6EB-E989571870CC}.Debug|Any CPU.ActiveCfg = Debug|Any CPU
		{C301491C-022A-487C-B6EB-E989571870CC}.Debug|Any CPU.Build.0 = Debug|Any CPU
		{C301491C-022A-487C-B6EB-E989571870CC}.Release|Any CPU.ActiveCfg = Release|Any CPU
		{C301491C-022A-487C-B6EB-E989571870CC}.Release|Any CPU.Build.0 = Release|Any CPU
	EndGlobalSection
	GlobalSection(SolutionProperties) = preSolution
		HideSolutionNode = FALSE
	EndGlobalSection
	GlobalSection(ExtensibilityGlobals) = postSolution
		SolutionGuid = {0347A42A-56D8-4ABF-84B6-CC2BE603D506}
	EndGlobalSection
EndGlobal
